// !$*UTF8*$!
{
	archiveVersion = 1;
	classes = {
	};
	objectVersion = 48;
	objects = {

/* Begin PBXBuildFile section */
		27FC101F21BD5E72004DE2B0 /* AppDelegate.swift in Sources */ = {isa = PBXBuildFile; fileRef = 27FC101E21BD5E72004DE2B0 /* AppDelegate.swift */; };
		27FC102121BD5E72004DE2B0 /* ViewController.swift in Sources */ = {isa = PBXBuildFile; fileRef = 27FC102021BD5E72004DE2B0 /* ViewController.swift */; };
		27FC102421BD5E72004DE2B0 /* Main.storyboard in Resources */ = {isa = PBXBuildFile; fileRef = 27FC102221BD5E72004DE2B0 /* Main.storyboard */; };
		27FC102621BD5E72004DE2B0 /* Assets.xcassets in Resources */ = {isa = PBXBuildFile; fileRef = 27FC102521BD5E72004DE2B0 /* Assets.xcassets */; };
		27FC102921BD5E72004DE2B0 /* LaunchScreen.storyboard in Resources */ = {isa = PBXBuildFile; fileRef = 27FC102721BD5E72004DE2B0 /* LaunchScreen.storyboard */; };
		27FC103521BD65F2004DE2B0 /* HomeViewController.swift in Sources */ = {isa = PBXBuildFile; fileRef = 27FC103321BD65F2004DE2B0 /* HomeViewController.swift */; };
		27FC103621BD65F2004DE2B0 /* HomeViewController.xib in Resources */ = {isa = PBXBuildFile; fileRef = 27FC103421BD65F2004DE2B0 /* HomeViewController.xib */; };
		27FC103C21BD6635004DE2B0 /* MessageViewController.swift in Sources */ = {isa = PBXBuildFile; fileRef = 27FC103A21BD6635004DE2B0 /* MessageViewController.swift */; };
		27FC103D21BD6635004DE2B0 /* MessageViewController.xib in Resources */ = {isa = PBXBuildFile; fileRef = 27FC103B21BD6635004DE2B0 /* MessageViewController.xib */; };
		27FC104121BD664F004DE2B0 /* MainViewController.swift in Sources */ = {isa = PBXBuildFile; fileRef = 27FC103F21BD664F004DE2B0 /* MainViewController.swift */; };
		27FC104221BD664F004DE2B0 /* MainViewController.xib in Resources */ = {isa = PBXBuildFile; fileRef = 27FC104021BD664F004DE2B0 /* MainViewController.xib */; };
		27FC104521BD6978004DE2B0 /* DiscoverViewController.swift in Sources */ = {isa = PBXBuildFile; fileRef = 27FC104321BD6978004DE2B0 /* DiscoverViewController.swift */; };
		27FC104621BD6978004DE2B0 /* DiscoverViewController.xib in Resources */ = {isa = PBXBuildFile; fileRef = 27FC104421BD6978004DE2B0 /* DiscoverViewController.xib */; };
		27FC104921BD6D9E004DE2B0 /* TabBarViewController.swift in Sources */ = {isa = PBXBuildFile; fileRef = 27FC104821BD6D9E004DE2B0 /* TabBarViewController.swift */; };
		27FC104B21BD6DB9004DE2B0 /* NavViewController.swift in Sources */ = {isa = PBXBuildFile; fileRef = 27FC104A21BD6DB9004DE2B0 /* NavViewController.swift */; };
/* End PBXBuildFile section */

/* Begin PBXFileReference section */
		27FC101B21BD5E72004DE2B0 /* weibo.app */ = {isa = PBXFileReference; explicitFileType = wrapper.application; includeInIndex = 0; path = weibo.app; sourceTree = BUILT_PRODUCTS_DIR; };
		27FC101E21BD5E72004DE2B0 /* AppDelegate.swift */ = {isa = PBXFileReference; lastKnownFileType = sourcecode.swift; path = AppDelegate.swift; sourceTree = "<group>"; };
		27FC102021BD5E72004DE2B0 /* ViewController.swift */ = {isa = PBXFileReference; lastKnownFileType = sourcecode.swift; path = ViewController.swift; sourceTree = "<group>"; };
		27FC102321BD5E72004DE2B0 /* Base */ = {isa = PBXFileReference; lastKnownFileType = file.storyboard; name = Base; path = Base.lproj/Main.storyboard; sourceTree = "<group>"; };
		27FC102521BD5E72004DE2B0 /* Assets.xcassets */ = {isa = PBXFileReference; lastKnownFileType = folder.assetcatalog; path = Assets.xcassets; sourceTree = "<group>"; };
		27FC102821BD5E72004DE2B0 /* Base */ = {isa = PBXFileReference; lastKnownFileType = file.storyboard; name = Base; path = Base.lproj/LaunchScreen.storyboard; sourceTree = "<group>"; };
		27FC102A21BD5E72004DE2B0 /* Info.plist */ = {isa = PBXFileReference; lastKnownFileType = text.plist.xml; path = Info.plist; sourceTree = "<group>"; };
		27FC103321BD65F2004DE2B0 /* HomeViewController.swift */ = {isa = PBXFileReference; lastKnownFileType = sourcecode.swift; path = HomeViewController.swift; sourceTree = "<group>"; };
		27FC103421BD65F2004DE2B0 /* HomeViewController.xib */ = {isa = PBXFileReference; lastKnownFileType = file.xib; path = HomeViewController.xib; sourceTree = "<group>"; };
		27FC103A21BD6635004DE2B0 /* MessageViewController.swift */ = {isa = PBXFileReference; lastKnownFileType = sourcecode.swift; path = MessageViewController.swift; sourceTree = "<group>"; };
		27FC103B21BD6635004DE2B0 /* MessageViewController.xib */ = {isa = PBXFileReference; lastKnownFileType = file.xib; path = MessageViewController.xib; sourceTree = "<group>"; };
		27FC103F21BD664F004DE2B0 /* MainViewController.swift */ = {isa = PBXFileReference; lastKnownFileType = sourcecode.swift; path = MainViewController.swift; sourceTree = "<group>"; };
		27FC104021BD664F004DE2B0 /* MainViewController.xib */ = {isa = PBXFileReference; lastKnownFileType = file.xib; path = MainViewController.xib; sourceTree = "<group>"; };
		27FC104321BD6978004DE2B0 /* DiscoverViewController.swift */ = {isa = PBXFileReference; lastKnownFileType = sourcecode.swift; path = DiscoverViewController.swift; sourceTree = "<group>"; };
		27FC104421BD6978004DE2B0 /* DiscoverViewController.xib */ = {isa = PBXFileReference; lastKnownFileType = file.xib; path = DiscoverViewController.xib; sourceTree = "<group>"; };
		27FC104821BD6D9E004DE2B0 /* TabBarViewController.swift */ = {isa = PBXFileReference; lastKnownFileType = sourcecode.swift; path = TabBarViewController.swift; sourceTree = "<group>"; };
		27FC104A21BD6DB9004DE2B0 /* NavViewController.swift */ = {isa = PBXFileReference; lastKnownFileType = sourcecode.swift; path = NavViewController.swift; sourceTree = "<group>"; };
/* End PBXFileReference section */

/* Begin PBXFrameworksBuildPhase section */
		27FC101821BD5E71004DE2B0 /* Frameworks */ = {
			isa = PBXFrameworksBuildPhase;
			buildActionMask = 2147483647;
			files = (
			);
			runOnlyForDeploymentPostprocessing = 0;
		};
/* End PBXFrameworksBuildPhase section */

/* Begin PBXGroup section */
		27FC101221BD5E71004DE2B0 = {
			isa = PBXGroup;
			children = (
				27FC101D21BD5E72004DE2B0 /* weibo */,
				27FC101C21BD5E72004DE2B0 /* Products */,
			);
			sourceTree = "<group>";
		};
		27FC101C21BD5E72004DE2B0 /* Products */ = {
			isa = PBXGroup;
			children = (
				27FC101B21BD5E72004DE2B0 /* weibo.app */,
			);
			name = Products;
			sourceTree = "<group>";
		};
		27FC101D21BD5E72004DE2B0 /* weibo */ = {
			isa = PBXGroup;
			children = (
				27FC103021BD65B0004DE2B0 /* Class */,
				27FC101E21BD5E72004DE2B0 /* AppDelegate.swift */,
				27FC102021BD5E72004DE2B0 /* ViewController.swift */,
				27FC102221BD5E72004DE2B0 /* Main.storyboard */,
				27FC102521BD5E72004DE2B0 /* Assets.xcassets */,
				27FC102721BD5E72004DE2B0 /* LaunchScreen.storyboard */,
				27FC102A21BD5E72004DE2B0 /* Info.plist */,
			);
			path = weibo;
			sourceTree = "<group>";
		};
		27FC103021BD65B0004DE2B0 /* Class */ = {
			isa = PBXGroup;
			children = (
				27FC103121BD65C3004DE2B0 /* View */,
			);
			path = Class;
			sourceTree = "<group>";
		};
		27FC103121BD65C3004DE2B0 /* View */ = {
			isa = PBXGroup;
			children = (
				27FC104721BD6D4D004DE2B0 /* Core */,
				27FC103221BD65CC004DE2B0 /* Home */,
				27FC103821BD660C004DE2B0 /* Discover */,
				27FC103921BD6620004DE2B0 /* Message */,
				27FC103E21BD663D004DE2B0 /* Main */,
			);
			path = View;
			sourceTree = "<group>";
		};
		27FC103221BD65CC004DE2B0 /* Home */ = {
			isa = PBXGroup;
			children = (
				27FC103321BD65F2004DE2B0 /* HomeViewController.swift */,
				27FC103721BD65FA004DE2B0 /* view */,
			);
			path = Home;
			sourceTree = "<group>";
		};
		27FC103721BD65FA004DE2B0 /* view */ = {
			isa = PBXGroup;
			children = (
				27FC103421BD65F2004DE2B0 /* HomeViewController.xib */,
			);
			path = view;
			sourceTree = "<group>";
		};
		27FC103821BD660C004DE2B0 /* Discover */ = {
			isa = PBXGroup;
			children = (
				27FC104321BD6978004DE2B0 /* DiscoverViewController.swift */,
				27FC104421BD6978004DE2B0 /* DiscoverViewController.xib */,
			);
			path = Discover;
			sourceTree = "<group>";
		};
		27FC103921BD6620004DE2B0 /* Message */ = {
			isa = PBXGroup;
			children = (
				27FC103A21BD6635004DE2B0 /* MessageViewController.swift */,
				27FC103B21BD6635004DE2B0 /* MessageViewController.xib */,
			);
			path = Message;
			sourceTree = "<group>";
		};
		27FC103E21BD663D004DE2B0 /* Main */ = {
			isa = PBXGroup;
			children = (
				27FC103F21BD664F004DE2B0 /* MainViewController.swift */,
				27FC104021BD664F004DE2B0 /* MainViewController.xib */,
			);
			path = Main;
			sourceTree = "<group>";
		};
		27FC104721BD6D4D004DE2B0 /* Core */ = {
			isa = PBXGroup;
			children = (
				27FC104821BD6D9E004DE2B0 /* TabBarViewController.swift */,
				27FC104A21BD6DB9004DE2B0 /* NavViewController.swift */,
			);
			path = Core;
			sourceTree = "<group>";
		};
/* End PBXGroup section */

/* Begin PBXNativeTarget section */
		27FC101A21BD5E71004DE2B0 /* weibo */ = {
			isa = PBXNativeTarget;
			buildConfigurationList = 27FC102D21BD5E72004DE2B0 /* Build configuration list for PBXNativeTarget "weibo" */;
			buildPhases = (
				27FC101721BD5E71004DE2B0 /* Sources */,
				27FC101821BD5E71004DE2B0 /* Frameworks */,
				27FC101921BD5E71004DE2B0 /* Resources */,
			);
			buildRules = (
			);
			dependencies = (
			);
			name = weibo;
			productName = weibo;
			productReference = 27FC101B21BD5E72004DE2B0 /* weibo.app */;
			productType = "com.apple.product-type.application";
		};
/* End PBXNativeTarget section */

/* Begin PBXProject section */
		27FC101321BD5E71004DE2B0 /* Project object */ = {
			isa = PBXProject;
			attributes = {
				LastSwiftUpdateCheck = 0920;
				LastUpgradeCheck = 0920;
				ORGANIZATIONNAME = YZH;
				TargetAttributes = {
					27FC101A21BD5E71004DE2B0 = {
						CreatedOnToolsVersion = 9.2;
						ProvisioningStyle = Automatic;
					};
				};
			};
			buildConfigurationList = 27FC101621BD5E71004DE2B0 /* Build configuration list for PBXProject "weibo" */;
			compatibilityVersion = "Xcode 8.0";
			developmentRegion = en;
			hasScannedForEncodings = 0;
			knownRegions = (
				en,
				Base,
			);
			mainGroup = 27FC101221BD5E71004DE2B0;
			productRefGroup = 27FC101C21BD5E72004DE2B0 /* Products */;
			projectDirPath = "";
			projectRoot = "";
			targets = (
				27FC101A21BD5E71004DE2B0 /* weibo */,
			);
		};
/* End PBXProject section */

/* Begin PBXResourcesBuildPhase section */
		27FC101921BD5E71004DE2B0 /* Resources */ = {
			isa = PBXResourcesBuildPhase;
			buildActionMask = 2147483647;
			files = (
				27FC102921BD5E72004DE2B0 /* LaunchScreen.storyboard in Resources */,
				27FC104221BD664F004DE2B0 /* MainViewController.xib in Resources */,
				27FC103D21BD6635004DE2B0 /* MessageViewController.xib in Resources */,
				27FC102621BD5E72004DE2B0 /* Assets.xcassets in Resources */,
				27FC102421BD5E72004DE2B0 /* Main.storyboard in Resources */,
				27FC104621BD6978004DE2B0 /* DiscoverViewController.xib in Resources */,
				27FC103621BD65F2004DE2B0 /* HomeViewController.xib in Resources */,
			);
			runOnlyForDeploymentPostprocessing = 0;
		};
/* End PBXResourcesBuildPhase section */

/* Begin PBXSourcesBuildPhase section */
		27FC101721BD5E71004DE2B0 /* Sources */ = {
			isa = PBXSourcesBuildPhase;
			buildActionMask = 2147483647;
			files = (
				27FC102121BD5E72004DE2B0 /* ViewController.swift in Sources */,
				27FC101F21BD5E72004DE2B0 /* AppDelegate.swift in Sources */,
				27FC103C21BD6635004DE2B0 /* MessageViewController.swift in Sources */,
				27FC104521BD6978004DE2B0 /* DiscoverViewController.swift in Sources */,
				27FC104921BD6D9E004DE2B0 /* TabBarViewController.swift in Sources */,
				27FC103521BD65F2004DE2B0 /* HomeViewController.swift in Sources */,
				27FC104B21BD6DB9004DE2B0 /* NavViewController.swift in Sources */,
				27FC104121BD664F004DE2B0 /* MainViewController.swift in Sources */,
			);
			runOnlyForDeploymentPostprocessing = 0;
		};
/* End PBXSourcesBuildPhase section */

/* Begin PBXVariantGroup section */
		27FC102221BD5E72004DE2B0 /* Main.storyboard */ = {
			isa = PBXVariantGroup;
			children = (
				27FC102321BD5E72004DE2B0 /* Base */,
			);
			name = Main.storyboard;
			sourceTree = "<group>";
		};
		27FC102721BD5E72004DE2B0 /* LaunchScreen.storyboard */ = {
			isa = PBXVariantGroup;
			children = (
				27FC102821BD5E72004DE2B0 /* Base */,
			);
			name = LaunchScreen.storyboard;
			sourceTree = "<group>";
		};
/* End PBXVariantGroup section */

/* Begin XCBuildConfiguration section */
		27FC102B21BD5E72004DE2B0 /* Debug */ = {
			isa = XCBuildConfiguration;
			buildSettings = {
				ALWAYS_SEARCH_USER_PATHS = NO;
				CLANG_ANALYZER_NONNULL = YES;
				CLANG_ANALYZER_NUMBER_OBJECT_CONVERSION = YES_AGGRESSIVE;
				CLANG_CXX_LANGUAGE_STANDARD = "gnu++14";
				CLANG_CXX_LIBRARY = "libc++";
				CLANG_ENABLE_MODULES = YES;
				CLANG_ENABLE_OBJC_ARC = YES;
				CLANG_WARN_BLOCK_CAPTURE_AUTORELEASING = YES;
				CLANG_WARN_BOOL_CONVERSION = YES;
				CLANG_WARN_COMMA = YES;
				CLANG_WARN_CONSTANT_CONVERSION = YES;
				CLANG_WARN_DIRECT_OBJC_ISA_USAGE = YES_ERROR;
				CLANG_WARN_DOCUMENTATION_COMMENTS = YES;
				CLANG_WARN_EMPTY_BODY = YES;
				CLANG_WARN_ENUM_CONVERSION = YES;
				CLANG_WARN_INFINITE_RECURSION = YES;
				CLANG_WARN_INT_CONVERSION = YES;
				CLANG_WARN_NON_LITERAL_NULL_CONVERSION = YES;
				CLANG_WARN_OBJC_LITERAL_CONVERSION = YES;
				CLANG_WARN_OBJC_ROOT_CLASS = YES_ERROR;
				CLANG_WARN_RANGE_LOOP_ANALYSIS = YES;
				CLANG_WARN_STRICT_PROTOTYPES = YES;
				CLANG_WARN_SUSPICIOUS_MOVE = YES;
				CLANG_WARN_UNGUARDED_AVAILABILITY = YES_AGGRESSIVE;
				CLANG_WARN_UNREACHABLE_CODE = YES;
				CLANG_WARN__DUPLICATE_METHOD_MATCH = YES;
				CODE_SIGN_IDENTITY = "iPhone Developer";
				COPY_PHASE_STRIP = NO;
				DEBUG_INFORMATION_FORMAT = dwarf;
				ENABLE_STRICT_OBJC_MSGSEND = YES;
				ENABLE_TESTABILITY = YES;
				GCC_C_LANGUAGE_STANDARD = gnu11;
				GCC_DYNAMIC_NO_PIC = NO;
				GCC_NO_COMMON_BLOCKS = YES;
				GCC_OPTIMIZATION_LEVEL = 0;
				GCC_PREPROCESSOR_DEFINITIONS = (
					"DEBUG=1",
					"$(inherited)",
				);
				GCC_WARN_64_TO_32_BIT_CONVERSION = YES;
				GCC_WARN_ABOUT_RETURN_TYPE = YES_ERROR;
				GCC_WARN_UNDECLARED_SELECTOR = YES;
				GCC_WARN_UNINITIALIZED_AUTOS = YES_AGGRESSIVE;
				GCC_WARN_UNUSED_FUNCTION = YES;
				GCC_WARN_UNUSED_VARIABLE = YES;
				IPHONEOS_DEPLOYMENT_TARGET = 11.2;
				MTL_ENABLE_DEBUG_INFO = YES;
				ONLY_ACTIVE_ARCH = YES;
				SDKROOT = iphoneos;
				SWIFT_ACTIVE_COMPILATION_CONDITIONS = DEBUG;
				SWIFT_OPTIMIZATION_LEVEL = "-Onone";
			};
			name = Debug;
		};
		27FC102C21BD5E72004DE2B0 /* Release */ = {
			isa = XCBuildConfiguration;
			buildSettings = {
				ALWAYS_SEARCH_USER_PATHS = NO;
				CLANG_ANALYZER_NONNULL = YES;
				CLANG_ANALYZER_NUMBER_OBJECT_CONVERSION = YES_AGGRESSIVE;
				CLANG_CXX_LANGUAGE_STANDARD = "gnu++14";
				CLANG_CXX_LIBRARY = "libc++";
				CLANG_ENABLE_MODULES = YES;
				CLANG_ENABLE_OBJC_ARC = YES;
				CLANG_WARN_BLOCK_CAPTURE_AUTORELEASING = YES;
				CLANG_WARN_BOOL_CONVERSION = YES;
				CLANG_WARN_COMMA = YES;
				CLANG_WARN_CONSTANT_CONVERSION = YES;
				CLANG_WARN_DIRECT_OBJC_ISA_USAGE = YES_ERROR;
				CLANG_WARN_DOCUMENTATION_COMMENTS = YES;
				CLANG_WARN_EMPTY_BODY = YES;
				CLANG_WARN_ENUM_CONVERSION = YES;
				CLANG_WARN_INFINITE_RECURSION = YES;
				CLANG_WARN_INT_CONVERSION = YES;
				CLANG_WARN_NON_LITERAL_NULL_CONVERSION = YES;
				CLANG_WARN_OBJC_LITERAL_CONVERSION = YES;
				CLANG_WARN_OBJC_ROOT_CLASS = YES_ERROR;
				CLANG_WARN_RANGE_LOOP_ANALYSIS = YES;
				CLANG_WARN_STRICT_PROTOTYPES = YES;
				CLANG_WARN_SUSPICIOUS_MOVE = YES;
				CLANG_WARN_UNGUARDED_AVAILABILITY = YES_AGGRESSIVE;
				CLANG_WARN_UNREACHABLE_CODE = YES;
				CLANG_WARN__DUPLICATE_METHOD_MATCH = YES;
				CODE_SIGN_IDENTITY = "iPhone Developer";
				COPY_PHASE_STRIP = NO;
				DEBUG_INFORMATION_FORMAT = "dwarf-with-dsym";
				ENABLE_NS_ASSERTIONS = NO;
				ENABLE_STRICT_OBJC_MSGSEND = YES;
				GCC_C_LANGUAGE_STANDARD = gnu11;
				GCC_NO_COMMON_BLOCKS = YES;
				GCC_WARN_64_TO_32_BIT_CONVERSION = YES;
				GCC_WARN_ABOUT_RETURN_TYPE = YES_ERROR;
				GCC_WARN_UNDECLARED_SELECTOR = YES;
				GCC_WARN_UNINITIALIZED_AUTOS = YES_AGGRESSIVE;
				GCC_WARN_UNUSED_FUNCTION = YES;
				GCC_WARN_UNUSED_VARIABLE = YES;
				IPHONEOS_DEPLOYMENT_TARGET = 11.2;
				MTL_ENABLE_DEBUG_INFO = NO;
				SDKROOT = iphoneos;
				SWIFT_OPTIMIZATION_LEVEL = "-Owholemodule";
				VALIDATE_PRODUCT = YES;
			};
			name = Release;
		};
		27FC102E21BD5E72004DE2B0 /* Debug */ = {
			isa = XCBuildConfiguration;
			buildSettings = {
				ASSETCATALOG_COMPILER_APPICON_NAME = AppIcon;
				"CODE_SIGN_IDENTITY[sdk=iphoneos*]" = "iPhone Developer";
				CODE_SIGN_STYLE = Automatic;
				DEVELOPMENT_TEAM = "";
				INFOPLIST_FILE = weibo/Info.plist;
				LD_RUNPATH_SEARCH_PATHS = "$(inherited) @executable_path/Frameworks";
				PRODUCT_BUNDLE_IDENTIFIER = "-.weibo";
				PRODUCT_NAME = "$(TARGET_NAME)";
				PROVISIONING_PROFILE_SPECIFIER = "";
				SWIFT_VERSION = 4.0;
				TARGETED_DEVICE_FAMILY = "1,2";
			};
			name = Debug;
		};
		27FC102F21BD5E72004DE2B0 /* Release */ = {
			isa = XCBuildConfiguration;
			buildSettings = {
				ASSETCATALOG_COMPILER_APPICON_NAME = AppIcon;
				"CODE_SIGN_IDENTITY[sdk=iphoneos*]" = "iPhone Developer";
				CODE_SIGN_STYLE = Automatic;
				DEVELOPMENT_TEAM = "";
				INFOPLIST_FILE = weibo/Info.plist;
				LD_RUNPATH_SEARCH_PATHS = "$(inherited) @executable_path/Frameworks";
				PRODUCT_BUNDLE_IDENTIFIER = "-.weibo";
				PRODUCT_NAME = "$(TARGET_NAME)";
				PROVISIONING_PROFILE_SPECIFIER = "";
				SWIFT_VERSION = 4.0;
				TARGETED_DEVICE_FAMILY = "1,2";
			};
			name = Release;
		};
/* End XCBuildConfiguration section */

/* Begin XCConfigurationList section */
		27FC101621BD5E71004DE2B0 /* Build configuration list for PBXProject "weibo" */ = {
			isa = XCConfigurationList;
			buildConfigurations = (
				27FC102B21BD5E72004DE2B0 /* Debug */,
				27FC102C21BD5E72004DE2B0 /* Release */,
			);
			defaultConfigurationIsVisible = 0;
			defaultConfigurationName = Release;
		};
		27FC102D21BD5E72004DE2B0 /* Build configuration list for PBXNativeTarget "weibo" */ = {
			isa = XCConfigurationList;
			buildConfigurations = (
				27FC102E21BD5E72004DE2B0 /* Debug */,
				27FC102F21BD5E72004DE2B0 /* Release */,
			);
			defaultConfigurationIsVisible = 0;
			defaultConfigurationName = Release;
		};
/* End XCConfigurationList section */
	};
	rootObject = 27FC101321BD5E71004DE2B0 /* Project object */;
}
